
Microsoft Visual Studio Solution File, Format Version 12.00
# Visual Studio Version 17
VisualStudioVersion = 17.4.33103.184
MinimumVisualStudioVersion = 10.0.40219.1
Project("{FAE04EC0-301F-11D3-BF4B-00C04F79EFBC}") = "WindowsFormsApp1", "WindowsFormsApp1\WindowsFormsApp1.csproj", "{C3438F06-4510-41D7-9A97-13004F9E4BC6}"
EndProject
Global
	GlobalSection(SolutionConfigurationPlatforms) = preSolution
		Debug|Any CPU = Debug|Any CPU
		Release|Any CPU = Release|Any CPU
	EndGlobalSection
	GlobalSection(ProjectConfigurationPlatforms) = postSolution
		{C3438F06-4510-41D7-9A97-13004F9E4BC6}.Debug|Any CPU.ActiveCfg = Debug|Any CPU
		{C3438F06-4510-41D7-9A97-13004F9E4BC6}.Debug|Any CPU.Build.0 = Debug|Any CPU
		{C3438F06-4510-41D7-9A97-13004F9E4BC6}.Release|Any CPU.ActiveCfg = Release|Any CPU
		{C3438F06-4510-41D7-9A97-13004F9E4BC6}.Release|Any CPU.Build.0 = Release|Any CPU
	EndGlobalSection
	GlobalSection(SolutionProperties) = preSolution
		HideSolutionNode = FALSE
	EndGlobalSection
	GlobalSection(ExtensibilityGlobals) = postSolution
		SolutionGuid = {7C91D15E-6DF7-45C0-81F6-7239C3E4EB2C}
	EndGlobalSection
EndGlobal
